
Microsoft Visual Studio Solution File, Format Version 12.00
# Visual Studio Version 17
VisualStudioVersion = 17.5.33424.131
MinimumVisualStudioVersion = 10.0.40219.1
Project("{FAE04EC0-301F-11D3-BF4B-00C04F79EFBC}") = "ClassBasic", "ClassBasic\ClassBasic.csproj", "{2BC53510-9E47-4A5E-B3D6-5473F0CB0798}"
EndProject
Global
	GlobalSection(SolutionConfigurationPlatforms) = preSolution
		Debug|Any CPU = Debug|Any CPU
		Release|Any CPU = Release|Any CPU
	EndGlobalSection
	GlobalSection(ProjectConfigurationPlatforms) = postSolution
		{2BC53510-9E47-4A5E-B3D6-5473F0CB0798}.Debug|Any CPU.ActiveCfg = Debug|Any CPU
		{2BC53510-9E47-4A5E-B3D6-5473F0CB0798}.Debug|Any CPU.Build.0 = Debug|Any CPU
		{2BC53510-9E47-4A5E-B3D6-5473F0CB0798}.Release|Any CPU.ActiveCfg = Release|Any CPU
		{2BC53510-9E47-4A5E-B3D6-5473F0CB0798}.Release|Any CPU.Build.0 = Release|Any CPU
	EndGlobalSection
	GlobalSection(SolutionProperties) = preSolution
		HideSolutionNode = FALSE
	EndGlobalSection
	GlobalSection(ExtensibilityGlobals) = postSolution
		SolutionGuid = {A20D5DC8-D02F-42D0-A22D-4105BD13F0F2}
	EndGlobalSection
EndGlobal
